
Microsoft Visual Studio Solution File, Format Version 12.00
# Visual Studio 14
VisualStudioVersion = 14.0.25420.1
MinimumVisualStudioVersion = 10.0.40219.1
Project("{FAE04EC0-301F-11D3-BF4B-00C04F79EFBC}") = "ProtoBike.CSharp", "ProtoBike.CSharp.csproj", "{1776E9D0-7752-D2CF-5BDD-4BFE54292C4E}"
EndProject
Global
	GlobalSection(SolutionConfigurationPlatforms) = preSolution
		Debug|Any CPU = Debug|Any CPU
		Release|Any CPU = Release|Any CPU
	EndGlobalSection
	GlobalSection(ProjectConfigurationPlatforms) = postSolution
		{1776E9D0-7752-D2CF-5BDD-4BFE54292C4E}.Debug|Any CPU.ActiveCfg = Debug|Any CPU
		{1776E9D0-7752-D2CF-5BDD-4BFE54292C4E}.Debug|Any CPU.Build.0 = Debug|Any CPU
		{1776E9D0-7752-D2CF-5BDD-4BFE54292C4E}.Release|Any CPU.ActiveCfg = Release|Any CPU
		{1776E9D0-7752-D2CF-5BDD-4BFE54292C4E}.Release|Any CPU.Build.0 = Release|Any CPU
	EndGlobalSection
	GlobalSection(SolutionProperties) = preSolution
		HideSolutionNode = FALSE
	EndGlobalSection
EndGlobal
